
Microsoft Visual Studio Solution File, Format Version 12.00
# Visual Studio Version 17
VisualStudioVersion = 17.9.34902.65
MinimumVisualStudioVersion = 10.0.40219.1
Project("{FAE04EC0-301F-11D3-BF4B-00C04F79EFBC}") = "estructuradeclases", "estructuradeclases\estructuradeclases.csproj", "{5B1107E4-1533-4835-91A5-FDF8CCB1B23D}"
EndProject
Global
	GlobalSection(SolutionConfigurationPlatforms) = preSolution
		Debug|Any CPU = Debug|Any CPU
		Release|Any CPU = Release|Any CPU
	EndGlobalSection
	GlobalSection(ProjectConfigurationPlatforms) = postSolution
		{5B1107E4-1533-4835-91A5-FDF8CCB1B23D}.Debug|Any CPU.ActiveCfg = Debug|Any CPU
		{5B1107E4-1533-4835-91A5-FDF8CCB1B23D}.Debug|Any CPU.Build.0 = Debug|Any CPU
		{5B1107E4-1533-4835-91A5-FDF8CCB1B23D}.Release|Any CPU.ActiveCfg = Release|Any CPU
		{5B1107E4-1533-4835-91A5-FDF8CCB1B23D}.Release|Any CPU.Build.0 = Release|Any CPU
	EndGlobalSection
	GlobalSection(SolutionProperties) = preSolution
		HideSolutionNode = FALSE
	EndGlobalSection
	GlobalSection(ExtensibilityGlobals) = postSolution
		SolutionGuid = {E513F97A-CBD4-44C7-A919-C3F9707E8792}
	EndGlobalSection
EndGlobal
